// !$*UTF8*$!
{
	archiveVersion = 1;
	classes = {
	};
	objectVersion = 46;
	objects = {

/* Begin PBXBuildFile section */
		2066CB8EF96A20FCBA1C4D02 /* libPods-ParkHero.a in Frameworks */ = {isa = PBXBuildFile; fileRef = 8506516E77B4E0C9E2719FEC /* libPods-ParkHero.a */; };
		9A1C55D81AAB1BD500EDF846 /* LoginViewController.m in Sources */ = {isa = PBXBuildFile; fileRef = 9A1C55D71AAB1BD500EDF846 /* LoginViewController.m */; };
		9A1C55DE1AAB20F300EDF846 /* User.m in Sources */ = {isa = PBXBuildFile; fileRef = 9A1C55DD1AAB20F300EDF846 /* User.m */; };
		9A1C55E21AAB217D00EDF846 /* UserDefaults.m in Sources */ = {isa = PBXBuildFile; fileRef = 9A1C55E11AAB217D00EDF846 /* UserDefaults.m */; };
		9A88862B1AAB317000DDC0BF /* LoginView.m in Sources */ = {isa = PBXBuildFile; fileRef = 9A88862A1AAB317000DDC0BF /* LoginView.m */; };
		9A88862E1AAB36FB00DDC0BF /* CustomTextField.m in Sources */ = {isa = PBXBuildFile; fileRef = 9A88862D1AAB36FB00DDC0BF /* CustomTextField.m */; };
		9A8886311AAB4D5A00DDC0BF /* Carpark.m in Sources */ = {isa = PBXBuildFile; fileRef = 9A8886301AAB4D5A00DDC0BF /* Carpark.m */; };
		9A8886341AAB523900DDC0BF /* RequestHelper.m in Sources */ = {isa = PBXBuildFile; fileRef = 9A8886331AAB523900DDC0BF /* RequestHelper.m */; };
		9A8886371AAB540E00DDC0BF /* CarparkListViewController.m in Sources */ = {isa = PBXBuildFile; fileRef = 9A8886361AAB540E00DDC0BF /* CarparkListViewController.m */; };
		9A88863A1AAB551700DDC0BF /* MainNavigationController.m in Sources */ = {isa = PBXBuildFile; fileRef = 9A8886391AAB551700DDC0BF /* MainNavigationController.m */; };
		9ABEBCB61AAB127500866696 /* main.m in Sources */ = {isa = PBXBuildFile; fileRef = 9ABEBCB51AAB127500866696 /* main.m */; };
		9ABEBCB91AAB127500866696 /* AppDelegate.m in Sources */ = {isa = PBXBuildFile; fileRef = 9ABEBCB81AAB127500866696 /* AppDelegate.m */; };
		9ABEBCC11AAB127500866696 /* Images.xcassets in Resources */ = {isa = PBXBuildFile; fileRef = 9ABEBCC01AAB127500866696 /* Images.xcassets */; };
		9ABEBCC41AAB127500866696 /* LaunchScreen.xib in Resources */ = {isa = PBXBuildFile; fileRef = 9ABEBCC21AAB127500866696 /* LaunchScreen.xib */; };
/* End PBXBuildFile section */

/* Begin PBXFileReference section */
		0AD28B53E38E74A490438AF4 /* Pods-ParkHero.release.xcconfig */ = {isa = PBXFileReference; includeInIndex = 1; lastKnownFileType = text.xcconfig; name = "Pods-ParkHero.release.xcconfig"; path = "Pods/Target Support Files/Pods-ParkHero/Pods-ParkHero.release.xcconfig"; sourceTree = "<group>"; };
		15A1295BBF600B517849E2B1 /* Pods-ParkHero.debug.xcconfig */ = {isa = PBXFileReference; includeInIndex = 1; lastKnownFileType = text.xcconfig; name = "Pods-ParkHero.debug.xcconfig"; path = "Pods/Target Support Files/Pods-ParkHero/Pods-ParkHero.debug.xcconfig"; sourceTree = "<group>"; };
		8506516E77B4E0C9E2719FEC /* libPods-ParkHero.a */ = {isa = PBXFileReference; explicitFileType = archive.ar; includeInIndex = 0; path = "libPods-ParkHero.a"; sourceTree = BUILT_PRODUCTS_DIR; };
		9A1C55D61AAB1BD500EDF846 /* LoginViewController.h */ = {isa = PBXFileReference; fileEncoding = 4; lastKnownFileType = sourcecode.c.h; path = LoginViewController.h; sourceTree = "<group>"; };
		9A1C55D71AAB1BD500EDF846 /* LoginViewController.m */ = {isa = PBXFileReference; fileEncoding = 4; lastKnownFileType = sourcecode.c.objc; path = LoginViewController.m; sourceTree = "<group>"; };
		9A1C55DB1AAB1E9900EDF846 /* ParkHero-Prefix.pch */ = {isa = PBXFileReference; lastKnownFileType = sourcecode.c.h; path = "ParkHero-Prefix.pch"; sourceTree = "<group>"; };
		9A1C55DC1AAB20F300EDF846 /* User.h */ = {isa = PBXFileReference; fileEncoding = 4; lastKnownFileType = sourcecode.c.h; path = User.h; sourceTree = "<group>"; };
		9A1C55DD1AAB20F300EDF846 /* User.m */ = {isa = PBXFileReference; fileEncoding = 4; lastKnownFileType = sourcecode.c.objc; path = User.m; sourceTree = "<group>"; };
		9A1C55E01AAB217D00EDF846 /* UserDefaults.h */ = {isa = PBXFileReference; fileEncoding = 4; lastKnownFileType = sourcecode.c.h; path = UserDefaults.h; sourceTree = "<group>"; };
		9A1C55E11AAB217D00EDF846 /* UserDefaults.m */ = {isa = PBXFileReference; fileEncoding = 4; lastKnownFileType = sourcecode.c.objc; path = UserDefaults.m; sourceTree = "<group>"; };
		9A8886291AAB317000DDC0BF /* LoginView.h */ = {isa = PBXFileReference; fileEncoding = 4; lastKnownFileType = sourcecode.c.h; path = LoginView.h; sourceTree = "<group>"; };
		9A88862A1AAB317000DDC0BF /* LoginView.m */ = {isa = PBXFileReference; fileEncoding = 4; lastKnownFileType = sourcecode.c.objc; path = LoginView.m; sourceTree = "<group>"; };
		9A88862C1AAB36FB00DDC0BF /* CustomTextField.h */ = {isa = PBXFileReference; fileEncoding = 4; lastKnownFileType = sourcecode.c.h; path = CustomTextField.h; sourceTree = "<group>"; };
		9A88862D1AAB36FB00DDC0BF /* CustomTextField.m */ = {isa = PBXFileReference; fileEncoding = 4; lastKnownFileType = sourcecode.c.objc; path = CustomTextField.m; sourceTree = "<group>"; };
		9A88862F1AAB4D5A00DDC0BF /* Carpark.h */ = {isa = PBXFileReference; fileEncoding = 4; lastKnownFileType = sourcecode.c.h; path = Carpark.h; sourceTree = "<group>"; };
		9A8886301AAB4D5A00DDC0BF /* Carpark.m */ = {isa = PBXFileReference; fileEncoding = 4; lastKnownFileType = sourcecode.c.objc; path = Carpark.m; sourceTree = "<group>"; };
		9A8886321AAB523900DDC0BF /* RequestHelper.h */ = {isa = PBXFileReference; fileEncoding = 4; lastKnownFileType = sourcecode.c.h; path = RequestHelper.h; sourceTree = "<group>"; };
		9A8886331AAB523900DDC0BF /* RequestHelper.m */ = {isa = PBXFileReference; fileEncoding = 4; lastKnownFileType = sourcecode.c.objc; path = RequestHelper.m; sourceTree = "<group>"; };
		9A8886351AAB540E00DDC0BF /* CarparkListViewController.h */ = {isa = PBXFileReference; fileEncoding = 4; lastKnownFileType = sourcecode.c.h; path = CarparkListViewController.h; sourceTree = "<group>"; };
		9A8886361AAB540E00DDC0BF /* CarparkListViewController.m */ = {isa = PBXFileReference; fileEncoding = 4; lastKnownFileType = sourcecode.c.objc; path = CarparkListViewController.m; sourceTree = "<group>"; };
		9A8886381AAB551700DDC0BF /* MainNavigationController.h */ = {isa = PBXFileReference; fileEncoding = 4; lastKnownFileType = sourcecode.c.h; path = MainNavigationController.h; sourceTree = "<group>"; };
		9A8886391AAB551700DDC0BF /* MainNavigationController.m */ = {isa = PBXFileReference; fileEncoding = 4; lastKnownFileType = sourcecode.c.objc; path = MainNavigationController.m; sourceTree = "<group>"; };
		9ABEBCB01AAB127500866696 /* ParkHero.app */ = {isa = PBXFileReference; explicitFileType = wrapper.application; includeInIndex = 0; path = ParkHero.app; sourceTree = BUILT_PRODUCTS_DIR; };
		9ABEBCB41AAB127500866696 /* Info.plist */ = {isa = PBXFileReference; lastKnownFileType = text.plist.xml; path = Info.plist; sourceTree = "<group>"; };
		9ABEBCB51AAB127500866696 /* main.m */ = {isa = PBXFileReference; lastKnownFileType = sourcecode.c.objc; path = main.m; sourceTree = "<group>"; };
		9ABEBCB71AAB127500866696 /* AppDelegate.h */ = {isa = PBXFileReference; lastKnownFileType = sourcecode.c.h; path = AppDelegate.h; sourceTree = "<group>"; };
		9ABEBCB81AAB127500866696 /* AppDelegate.m */ = {isa = PBXFileReference; lastKnownFileType = sourcecode.c.objc; path = AppDelegate.m; sourceTree = "<group>"; };
		9ABEBCC01AAB127500866696 /* Images.xcassets */ = {isa = PBXFileReference; lastKnownFileType = folder.assetcatalog; path = Images.xcassets; sourceTree = "<group>"; };
		9ABEBCC31AAB127500866696 /* Base */ = {isa = PBXFileReference; lastKnownFileType = file.xib; name = Base; path = Base.lproj/LaunchScreen.xib; sourceTree = "<group>"; };
/* End PBXFileReference section */

/* Begin PBXFrameworksBuildPhase section */
		9ABEBCAD1AAB127500866696 /* Frameworks */ = {
			isa = PBXFrameworksBuildPhase;
			buildActionMask = 2147483647;
			files = (
				2066CB8EF96A20FCBA1C4D02 /* libPods-ParkHero.a in Frameworks */,
			);
			runOnlyForDeploymentPostprocessing = 0;
		};
/* End PBXFrameworksBuildPhase section */

/* Begin PBXGroup section */
		01D4233214AD3A469062E4C2 /* Pods */ = {
			isa = PBXGroup;
			children = (
				15A1295BBF600B517849E2B1 /* Pods-ParkHero.debug.xcconfig */,
				0AD28B53E38E74A490438AF4 /* Pods-ParkHero.release.xcconfig */,
			);
			name = Pods;
			sourceTree = "<group>";
		};
		9A1C55D51AAB1AF200EDF846 /* Controller */ = {
			isa = PBXGroup;
			children = (
				9A8886351AAB540E00DDC0BF /* CarparkListViewController.h */,
				9A8886361AAB540E00DDC0BF /* CarparkListViewController.m */,
				9A1C55D61AAB1BD500EDF846 /* LoginViewController.h */,
				9A1C55D71AAB1BD500EDF846 /* LoginViewController.m */,
				9A8886381AAB551700DDC0BF /* MainNavigationController.h */,
				9A8886391AAB551700DDC0BF /* MainNavigationController.m */,
			);
			path = Controller;
			sourceTree = "<group>";
		};
		9A1C55DA1AAB1CE900EDF846 /* Model */ = {
			isa = PBXGroup;
			children = (
				9A88862F1AAB4D5A00DDC0BF /* Carpark.h */,
				9A8886301AAB4D5A00DDC0BF /* Carpark.m */,
				9A1C55DC1AAB20F300EDF846 /* User.h */,
				9A1C55DD1AAB20F300EDF846 /* User.m */,
			);
			path = Model;
			sourceTree = "<group>";
		};
		9A1C55DF1AAB215100EDF846 /* Helper */ = {
			isa = PBXGroup;
			children = (
				9A1C55E01AAB217D00EDF846 /* UserDefaults.h */,
				9A1C55E11AAB217D00EDF846 /* UserDefaults.m */,
				9A8886321AAB523900DDC0BF /* RequestHelper.h */,
				9A8886331AAB523900DDC0BF /* RequestHelper.m */,
			);
			path = Helper;
			sourceTree = "<group>";
		};
		9A8886281AAB316800DDC0BF /* View */ = {
			isa = PBXGroup;
			children = (
				9A88862C1AAB36FB00DDC0BF /* CustomTextField.h */,
				9A88862D1AAB36FB00DDC0BF /* CustomTextField.m */,
				9A8886291AAB317000DDC0BF /* LoginView.h */,
				9A88862A1AAB317000DDC0BF /* LoginView.m */,
			);
			path = View;
			sourceTree = "<group>";
		};
		9ABEBCA71AAB127500866696 = {
			isa = PBXGroup;
			children = (
				9ABEBCB21AAB127500866696 /* ParkHero */,
				9ABEBCB11AAB127500866696 /* Products */,
				01D4233214AD3A469062E4C2 /* Pods */,
				9B6FE5AE76BB6584F17A93C0 /* Frameworks */,
			);
			sourceTree = "<group>";
		};
		9ABEBCB11AAB127500866696 /* Products */ = {
			isa = PBXGroup;
			children = (
				9ABEBCB01AAB127500866696 /* ParkHero.app */,
			);
			name = Products;
			sourceTree = "<group>";
		};
		9ABEBCB21AAB127500866696 /* ParkHero */ = {
			isa = PBXGroup;
			children = (
				9A1C55D51AAB1AF200EDF846 /* Controller */,
				9A1C55DF1AAB215100EDF846 /* Helper */,
				9A1C55DA1AAB1CE900EDF846 /* Model */,
				9A8886281AAB316800DDC0BF /* View */,
				9ABEBCB71AAB127500866696 /* AppDelegate.h */,
				9ABEBCB81AAB127500866696 /* AppDelegate.m */,
				9A1C55DB1AAB1E9900EDF846 /* ParkHero-Prefix.pch */,
				9ABEBCC01AAB127500866696 /* Images.xcassets */,
				9ABEBCC21AAB127500866696 /* LaunchScreen.xib */,
				9ABEBCB31AAB127500866696 /* Supporting Files */,
			);
			path = ParkHero;
			sourceTree = "<group>";
		};
		9ABEBCB31AAB127500866696 /* Supporting Files */ = {
			isa = PBXGroup;
			children = (
				9ABEBCB41AAB127500866696 /* Info.plist */,
				9ABEBCB51AAB127500866696 /* main.m */,
			);
			name = "Supporting Files";
			sourceTree = "<group>";
		};
		9B6FE5AE76BB6584F17A93C0 /* Frameworks */ = {
			isa = PBXGroup;
			children = (
				8506516E77B4E0C9E2719FEC /* libPods-ParkHero.a */,
			);
			name = Frameworks;
			sourceTree = "<group>";
		};
/* End PBXGroup section */

/* Begin PBXNativeTarget section */
		9ABEBCAF1AAB127500866696 /* ParkHero */ = {
			isa = PBXNativeTarget;
			buildConfigurationList = 9ABEBCD31AAB127500866696 /* Build configuration list for PBXNativeTarget "ParkHero" */;
			buildPhases = (
				896BAB263580F224B2B782AD /* Check Pods Manifest.lock */,
				9ABEBCAC1AAB127500866696 /* Sources */,
				9ABEBCAD1AAB127500866696 /* Frameworks */,
				9ABEBCAE1AAB127500866696 /* Resources */,
				E6DB7139E1BF3AA6911B58FF /* Copy Pods Resources */,
			);
			buildRules = (
			);
			dependencies = (
			);
			name = ParkHero;
			productName = ParkHero;
			productReference = 9ABEBCB01AAB127500866696 /* ParkHero.app */;
			productType = "com.apple.product-type.application";
		};
/* End PBXNativeTarget section */

/* Begin PBXProject section */
		9ABEBCA81AAB127500866696 /* Project object */ = {
			isa = PBXProject;
			attributes = {
				LastUpgradeCheck = 0610;
				ORGANIZATIONNAME = "Dylan Marriott";
				TargetAttributes = {
					9ABEBCAF1AAB127500866696 = {
						CreatedOnToolsVersion = 6.1.1;
					};
				};
			};
			buildConfigurationList = 9ABEBCAB1AAB127500866696 /* Build configuration list for PBXProject "ParkHero" */;
			compatibilityVersion = "Xcode 3.2";
			developmentRegion = English;
			hasScannedForEncodings = 0;
			knownRegions = (
				en,
				Base,
			);
			mainGroup = 9ABEBCA71AAB127500866696;
			productRefGroup = 9ABEBCB11AAB127500866696 /* Products */;
			projectDirPath = "";
			projectRoot = "";
			targets = (
				9ABEBCAF1AAB127500866696 /* ParkHero */,
			);
		};
/* End PBXProject section */

/* Begin PBXResourcesBuildPhase section */
		9ABEBCAE1AAB127500866696 /* Resources */ = {
			isa = PBXResourcesBuildPhase;
			buildActionMask = 2147483647;
			files = (
				9ABEBCC41AAB127500866696 /* LaunchScreen.xib in Resources */,
				9ABEBCC11AAB127500866696 /* Images.xcassets in Resources */,
			);
			runOnlyForDeploymentPostprocessing = 0;
		};
/* End PBXResourcesBuildPhase section */

/* Begin PBXShellScriptBuildPhase section */
		896BAB263580F224B2B782AD /* Check Pods Manifest.lock */ = {
			isa = PBXShellScriptBuildPhase;
			buildActionMask = 2147483647;
			files = (
			);
			inputPaths = (
			);
			name = "Check Pods Manifest.lock";
			outputPaths = (
			);
			runOnlyForDeploymentPostprocessing = 0;
			shellPath = /bin/sh;
			shellScript = "diff \"${PODS_ROOT}/../Podfile.lock\" \"${PODS_ROOT}/Manifest.lock\" > /dev/null\nif [[ $? != 0 ]] ; then\n    cat << EOM\nerror: The sandbox is not in sync with the Podfile.lock. Run 'pod install' or update your CocoaPods installation.\nEOM\n    exit 1\nfi\n";
			showEnvVarsInLog = 0;
		};
		E6DB7139E1BF3AA6911B58FF /* Copy Pods Resources */ = {
			isa = PBXShellScriptBuildPhase;
			buildActionMask = 2147483647;
			files = (
			);
			inputPaths = (
			);
			name = "Copy Pods Resources";
			outputPaths = (
			);
			runOnlyForDeploymentPostprocessing = 0;
			shellPath = /bin/sh;
			shellScript = "\"${SRCROOT}/Pods/Target Support Files/Pods-ParkHero/Pods-ParkHero-resources.sh\"\n";
			showEnvVarsInLog = 0;
		};
/* End PBXShellScriptBuildPhase section */

/* Begin PBXSourcesBuildPhase section */
		9ABEBCAC1AAB127500866696 /* Sources */ = {
			isa = PBXSourcesBuildPhase;
			buildActionMask = 2147483647;
			files = (
				9A8886311AAB4D5A00DDC0BF /* Carpark.m in Sources */,
				9A88862B1AAB317000DDC0BF /* LoginView.m in Sources */,
				9A1C55DE1AAB20F300EDF846 /* User.m in Sources */,
				9A8886371AAB540E00DDC0BF /* CarparkListViewController.m in Sources */,
				9A1C55E21AAB217D00EDF846 /* UserDefaults.m in Sources */,
				9ABEBCB91AAB127500866696 /* AppDelegate.m in Sources */,
				9A88862E1AAB36FB00DDC0BF /* CustomTextField.m in Sources */,
				9ABEBCB61AAB127500866696 /* main.m in Sources */,
				9A88863A1AAB551700DDC0BF /* MainNavigationController.m in Sources */,
				9A8886341AAB523900DDC0BF /* RequestHelper.m in Sources */,
				9A1C55D81AAB1BD500EDF846 /* LoginViewController.m in Sources */,
			);
			runOnlyForDeploymentPostprocessing = 0;
		};
/* End PBXSourcesBuildPhase section */

/* Begin PBXVariantGroup section */
		9ABEBCC21AAB127500866696 /* LaunchScreen.xib */ = {
			isa = PBXVariantGroup;
			children = (
				9ABEBCC31AAB127500866696 /* Base */,
			);
			name = LaunchScreen.xib;
			sourceTree = "<group>";
		};
/* End PBXVariantGroup section */

/* Begin XCBuildConfiguration section */
		9ABEBCD11AAB127500866696 /* Debug */ = {
			isa = XCBuildConfiguration;
			buildSettings = {
				ALWAYS_SEARCH_USER_PATHS = NO;
				CLANG_CXX_LANGUAGE_STANDARD = "gnu++0x";
				CLANG_CXX_LIBRARY = "libc++";
				CLANG_ENABLE_MODULES = YES;
				CLANG_ENABLE_OBJC_ARC = YES;
				CLANG_WARN_BOOL_CONVERSION = YES;
				CLANG_WARN_CONSTANT_CONVERSION = YES;
				CLANG_WARN_DIRECT_OBJC_ISA_USAGE = YES_ERROR;
				CLANG_WARN_EMPTY_BODY = YES;
				CLANG_WARN_ENUM_CONVERSION = YES;
				CLANG_WARN_INT_CONVERSION = YES;
				CLANG_WARN_OBJC_ROOT_CLASS = YES_ERROR;
				CLANG_WARN_UNREACHABLE_CODE = YES;
				CLANG_WARN__DUPLICATE_METHOD_MATCH = YES;
				"CODE_SIGN_IDENTITY[sdk=iphoneos*]" = "iPhone Developer";
				COPY_PHASE_STRIP = NO;
				ENABLE_STRICT_OBJC_MSGSEND = YES;
				GCC_C_LANGUAGE_STANDARD = gnu99;
				GCC_DYNAMIC_NO_PIC = NO;
				GCC_OPTIMIZATION_LEVEL = 0;
				GCC_PREPROCESSOR_DEFINITIONS = (
					"DEBUG=1",
					"$(inherited)",
				);
				GCC_SYMBOLS_PRIVATE_EXTERN = NO;
				GCC_WARN_64_TO_32_BIT_CONVERSION = YES;
				GCC_WARN_ABOUT_RETURN_TYPE = YES_ERROR;
				GCC_WARN_UNDECLARED_SELECTOR = YES;
				GCC_WARN_UNINITIALIZED_AUTOS = YES_AGGRESSIVE;
				GCC_WARN_UNUSED_FUNCTION = YES;
				GCC_WARN_UNUSED_VARIABLE = YES;
				IPHONEOS_DEPLOYMENT_TARGET = 8.1;
				MTL_ENABLE_DEBUG_INFO = YES;
				ONLY_ACTIVE_ARCH = YES;
				SDKROOT = iphoneos;
			};
			name = Debug;
		};
		9ABEBCD21AAB127500866696 /* Release */ = {
			isa = XCBuildConfiguration;
			buildSettings = {
				ALWAYS_SEARCH_USER_PATHS = NO;
				CLANG_CXX_LANGUAGE_STANDARD = "gnu++0x";
				CLANG_CXX_LIBRARY = "libc++";
				CLANG_ENABLE_MODULES = YES;
				CLANG_ENABLE_OBJC_ARC = YES;
				CLANG_WARN_BOOL_CONVERSION = YES;
				CLANG_WARN_CONSTANT_CONVERSION = YES;
				CLANG_WARN_DIRECT_OBJC_ISA_USAGE = YES_ERROR;
				CLANG_WARN_EMPTY_BODY = YES;
				CLANG_WARN_ENUM_CONVERSION = YES;
				CLANG_WARN_INT_CONVERSION = YES;
				CLANG_WARN_OBJC_ROOT_CLASS = YES_ERROR;
				CLANG_WARN_UNREACHABLE_CODE = YES;
				CLANG_WARN__DUPLICATE_METHOD_MATCH = YES;
				"CODE_SIGN_IDENTITY[sdk=iphoneos*]" = "iPhone Developer";
				COPY_PHASE_STRIP = YES;
				ENABLE_NS_ASSERTIONS = NO;
				ENABLE_STRICT_OBJC_MSGSEND = YES;
				GCC_C_LANGUAGE_STANDARD = gnu99;
				GCC_WARN_64_TO_32_BIT_CONVERSION = YES;
				GCC_WARN_ABOUT_RETURN_TYPE = YES_ERROR;
				GCC_WARN_UNDECLARED_SELECTOR = YES;
				GCC_WARN_UNINITIALIZED_AUTOS = YES_AGGRESSIVE;
				GCC_WARN_UNUSED_FUNCTION = YES;
				GCC_WARN_UNUSED_VARIABLE = YES;
				IPHONEOS_DEPLOYMENT_TARGET = 8.1;
				MTL_ENABLE_DEBUG_INFO = NO;
				SDKROOT = iphoneos;
				VALIDATE_PRODUCT = YES;
			};
			name = Release;
		};
		9ABEBCD41AAB127500866696 /* Debug */ = {
			isa = XCBuildConfiguration;
			baseConfigurationReference = 15A1295BBF600B517849E2B1 /* Pods-ParkHero.debug.xcconfig */;
			buildSettings = {
				ASSETCATALOG_COMPILER_APPICON_NAME = AppIcon;
				GCC_PREFIX_HEADER = "ParkHero/ParkHero-Prefix.pch";
				INFOPLIST_FILE = ParkHero/Info.plist;
				LD_RUNPATH_SEARCH_PATHS = "$(inherited) @executable_path/Frameworks";
				PRODUCT_NAME = "$(TARGET_NAME)";
			};
			name = Debug;
		};
		9ABEBCD51AAB127500866696 /* Release */ = {
			isa = XCBuildConfiguration;
			baseConfigurationReference = 0AD28B53E38E74A490438AF4 /* Pods-ParkHero.release.xcconfig */;
			buildSettings = {
				ASSETCATALOG_COMPILER_APPICON_NAME = AppIcon;
				GCC_PREFIX_HEADER = "ParkHero/ParkHero-Prefix.pch";
				INFOPLIST_FILE = ParkHero/Info.plist;
				LD_RUNPATH_SEARCH_PATHS = "$(inherited) @executable_path/Frameworks";
				PRODUCT_NAME = "$(TARGET_NAME)";
			};
			name = Release;
		};
/* End XCBuildConfiguration section */

/* Begin XCConfigurationList section */
		9ABEBCAB1AAB127500866696 /* Build configuration list for PBXProject "ParkHero" */ = {
			isa = XCConfigurationList;
			buildConfigurations = (
				9ABEBCD11AAB127500866696 /* Debug */,
				9ABEBCD21AAB127500866696 /* Release */,
			);
			defaultConfigurationIsVisible = 0;
			defaultConfigurationName = Release;
		};
		9ABEBCD31AAB127500866696 /* Build configuration list for PBXNativeTarget "ParkHero" */ = {
			isa = XCConfigurationList;
			buildConfigurations = (
				9ABEBCD41AAB127500866696 /* Debug */,
				9ABEBCD51AAB127500866696 /* Release */,
			);
			defaultConfigurationIsVisible = 0;
			defaultConfigurationName = Release;
		};
/* End XCConfigurationList section */
	};
	rootObject = 9ABEBCA81AAB127500866696 /* Project object */;
}
